
Microsoft Visual Studio Solution File, Format Version 12.00
Project("{2150E333-8FDC-42A3-9474-1A3956D46DE8}") = "Array", "Array", "{00C45F2E-74EC-4D81-8032-B4EB99E4F8FF}"
EndProject
Project("{FAE04EC0-301F-11D3-BF4B-00C04F79EFBC}") = "TwoNumberSum", "TwoNumberSum\TwoNumberSum.csproj", "{5355280E-1E1E-4E18-AB53-F14159EDF008}"
EndProject
Project("{2150E333-8FDC-42A3-9474-1A3956D46DE8}") = "BinarySearchTrees", "BinarySearchTrees", "{F34586B5-C7B0-474A-A8B4-10E9F38E5E81}"
EndProject
Project("{FAE04EC0-301F-11D3-BF4B-00C04F79EFBC}") = "FindClosestValueBST", "FindClosestValueBST\FindClosestValueBST.csproj", "{F7BCCAE9-99D7-4992-8F97-2CB62C8FA846}"
EndProject
Project("{2150E333-8FDC-42A3-9474-1A3956D46DE8}") = "BinaryTree", "BinaryTree", "{F6FD310E-8ACB-4E7B-8B5A-6D7D8E8271C4}"
EndProject
Project("{FAE04EC0-301F-11D3-BF4B-00C04F79EFBC}") = "branchSums", "branchSums\branchSums.csproj", "{E89D65B2-3329-48DE-BC39-C914C12C3EE2}"
EndProject
Project("{2150E333-8FDC-42A3-9474-1A3956D46DE8}") = "DynamicProgramming", "DynamicProgramming", "{07FC9E76-F743-47A6-899B-8D85518B8516}"
EndProject
Project("{FAE04EC0-301F-11D3-BF4B-00C04F79EFBC}") = "MaxSubsetSumNoAdjacent", "MaxSubsetSumNoAdjacent\MaxSubsetSumNoAdjacent.csproj", "{F264E6A1-5EA4-4AD5-B5D1-DA991F578531}"
EndProject
Project("{FAE04EC0-301F-11D3-BF4B-00C04F79EFBC}") = "NumberOfWaysToMakeChange", "NumberOfWaysToMakeChange\NumberOfWaysToMakeChange.csproj", "{A112B4BC-6D11-40C7-9CAB-F87D5E3D1465}"
EndProject
Project("{FAE04EC0-301F-11D3-BF4B-00C04F79EFBC}") = "MinNumberOfCoinsForChange", "MinNumberOfCoinsForChange\MinNumberOfCoinsForChange.csproj", "{5DFD5217-165B-47EF-B637-E6337BF40D94}"
EndProject
Project("{FAE04EC0-301F-11D3-BF4B-00C04F79EFBC}") = "LevenshteinDistance", "LevenshteinDistance\LevenshteinDistance.csproj", "{E609FB53-6BB0-44CD-B316-77E1B9536E3B}"
EndProject
Project("{FAE04EC0-301F-11D3-BF4B-00C04F79EFBC}") = "NumberOfWaysToTraverseGraph", "NumberOfWaysToTraverseGraph\NumberOfWaysToTraverseGraph.csproj", "{3F7EF579-1E82-482A-912C-E7389AF4495C}"
EndProject
Project("{2150E333-8FDC-42A3-9474-1A3956D46DE8}") = "Graphs", "Graphs", "{3CCB3DA5-05C2-4925-8D45-941B54CF4684}"
EndProject
Project("{FAE04EC0-301F-11D3-BF4B-00C04F79EFBC}") = "DepthFirstSearch", "DepthFirstSearch\DepthFirstSearch.csproj", "{B4E73DA8-7FC8-4404-B522-AD781BF831A8}"
EndProject
Global
	GlobalSection(SolutionConfigurationPlatforms) = preSolution
		Debug|Any CPU = Debug|Any CPU
		Release|Any CPU = Release|Any CPU
	EndGlobalSection
	GlobalSection(ProjectConfigurationPlatforms) = postSolution
		{5355280E-1E1E-4E18-AB53-F14159EDF008}.Debug|Any CPU.ActiveCfg = Debug|Any CPU
		{5355280E-1E1E-4E18-AB53-F14159EDF008}.Debug|Any CPU.Build.0 = Debug|Any CPU
		{5355280E-1E1E-4E18-AB53-F14159EDF008}.Release|Any CPU.ActiveCfg = Release|Any CPU
		{5355280E-1E1E-4E18-AB53-F14159EDF008}.Release|Any CPU.Build.0 = Release|Any CPU
		{F7BCCAE9-99D7-4992-8F97-2CB62C8FA846}.Debug|Any CPU.ActiveCfg = Debug|Any CPU
		{F7BCCAE9-99D7-4992-8F97-2CB62C8FA846}.Debug|Any CPU.Build.0 = Debug|Any CPU
		{F7BCCAE9-99D7-4992-8F97-2CB62C8FA846}.Release|Any CPU.ActiveCfg = Release|Any CPU
		{F7BCCAE9-99D7-4992-8F97-2CB62C8FA846}.Release|Any CPU.Build.0 = Release|Any CPU
		{E89D65B2-3329-48DE-BC39-C914C12C3EE2}.Debug|Any CPU.ActiveCfg = Debug|Any CPU
		{E89D65B2-3329-48DE-BC39-C914C12C3EE2}.Debug|Any CPU.Build.0 = Debug|Any CPU
		{E89D65B2-3329-48DE-BC39-C914C12C3EE2}.Release|Any CPU.ActiveCfg = Release|Any CPU
		{E89D65B2-3329-48DE-BC39-C914C12C3EE2}.Release|Any CPU.Build.0 = Release|Any CPU
		{F264E6A1-5EA4-4AD5-B5D1-DA991F578531}.Debug|Any CPU.ActiveCfg = Debug|Any CPU
		{F264E6A1-5EA4-4AD5-B5D1-DA991F578531}.Debug|Any CPU.Build.0 = Debug|Any CPU
		{F264E6A1-5EA4-4AD5-B5D1-DA991F578531}.Release|Any CPU.ActiveCfg = Release|Any CPU
		{F264E6A1-5EA4-4AD5-B5D1-DA991F578531}.Release|Any CPU.Build.0 = Release|Any CPU
		{A112B4BC-6D11-40C7-9CAB-F87D5E3D1465}.Debug|Any CPU.ActiveCfg = Debug|Any CPU
		{A112B4BC-6D11-40C7-9CAB-F87D5E3D1465}.Debug|Any CPU.Build.0 = Debug|Any CPU
		{A112B4BC-6D11-40C7-9CAB-F87D5E3D1465}.Release|Any CPU.ActiveCfg = Release|Any CPU
		{A112B4BC-6D11-40C7-9CAB-F87D5E3D1465}.Release|Any CPU.Build.0 = Release|Any CPU
		{5DFD5217-165B-47EF-B637-E6337BF40D94}.Debug|Any CPU.ActiveCfg = Debug|Any CPU
		{5DFD5217-165B-47EF-B637-E6337BF40D94}.Debug|Any CPU.Build.0 = Debug|Any CPU
		{5DFD5217-165B-47EF-B637-E6337BF40D94}.Release|Any CPU.ActiveCfg = Release|Any CPU
		{5DFD5217-165B-47EF-B637-E6337BF40D94}.Release|Any CPU.Build.0 = Release|Any CPU
		{E609FB53-6BB0-44CD-B316-77E1B9536E3B}.Debug|Any CPU.ActiveCfg = Debug|Any CPU
		{E609FB53-6BB0-44CD-B316-77E1B9536E3B}.Debug|Any CPU.Build.0 = Debug|Any CPU
		{E609FB53-6BB0-44CD-B316-77E1B9536E3B}.Release|Any CPU.ActiveCfg = Release|Any CPU
		{E609FB53-6BB0-44CD-B316-77E1B9536E3B}.Release|Any CPU.Build.0 = Release|Any CPU
		{3F7EF579-1E82-482A-912C-E7389AF4495C}.Debug|Any CPU.ActiveCfg = Debug|Any CPU
		{3F7EF579-1E82-482A-912C-E7389AF4495C}.Debug|Any CPU.Build.0 = Debug|Any CPU
		{3F7EF579-1E82-482A-912C-E7389AF4495C}.Release|Any CPU.ActiveCfg = Release|Any CPU
		{3F7EF579-1E82-482A-912C-E7389AF4495C}.Release|Any CPU.Build.0 = Release|Any CPU
		{B4E73DA8-7FC8-4404-B522-AD781BF831A8}.Debug|Any CPU.ActiveCfg = Debug|Any CPU
		{B4E73DA8-7FC8-4404-B522-AD781BF831A8}.Debug|Any CPU.Build.0 = Debug|Any CPU
		{B4E73DA8-7FC8-4404-B522-AD781BF831A8}.Release|Any CPU.ActiveCfg = Release|Any CPU
		{B4E73DA8-7FC8-4404-B522-AD781BF831A8}.Release|Any CPU.Build.0 = Release|Any CPU
	EndGlobalSection
	GlobalSection(NestedProjects) = preSolution
		{5355280E-1E1E-4E18-AB53-F14159EDF008} = {00C45F2E-74EC-4D81-8032-B4EB99E4F8FF}
		{F7BCCAE9-99D7-4992-8F97-2CB62C8FA846} = {F34586B5-C7B0-474A-A8B4-10E9F38E5E81}
		{E89D65B2-3329-48DE-BC39-C914C12C3EE2} = {F6FD310E-8ACB-4E7B-8B5A-6D7D8E8271C4}
		{F264E6A1-5EA4-4AD5-B5D1-DA991F578531} = {07FC9E76-F743-47A6-899B-8D85518B8516}
		{A112B4BC-6D11-40C7-9CAB-F87D5E3D1465} = {07FC9E76-F743-47A6-899B-8D85518B8516}
		{5DFD5217-165B-47EF-B637-E6337BF40D94} = {07FC9E76-F743-47A6-899B-8D85518B8516}
		{E609FB53-6BB0-44CD-B316-77E1B9536E3B} = {07FC9E76-F743-47A6-899B-8D85518B8516}
		{3F7EF579-1E82-482A-912C-E7389AF4495C} = {07FC9E76-F743-47A6-899B-8D85518B8516}
		{B4E73DA8-7FC8-4404-B522-AD781BF831A8} = {3CCB3DA5-05C2-4925-8D45-941B54CF4684}
	EndGlobalSection
EndGlobal
