
Microsoft Visual Studio Solution File, Format Version 12.00
Project("{2150E333-8FDC-42A3-9474-1A3956D46DE8}") = "Array", "Array", "{00C45F2E-74EC-4D81-8032-B4EB99E4F8FF}"
EndProject
Project("{FAE04EC0-301F-11D3-BF4B-00C04F79EFBC}") = "TwoNumberSum", "TwoNumberSum\TwoNumberSum.csproj", "{5355280E-1E1E-4E18-AB53-F14159EDF008}"
EndProject
Project("{2150E333-8FDC-42A3-9474-1A3956D46DE8}") = "BinarySearchTrees", "BinarySearchTrees", "{F34586B5-C7B0-474A-A8B4-10E9F38E5E81}"
EndProject
Project("{FAE04EC0-301F-11D3-BF4B-00C04F79EFBC}") = "FindClosestValueBST", "FindClosestValueBST\FindClosestValueBST.csproj", "{F7BCCAE9-99D7-4992-8F97-2CB62C8FA846}"
EndProject
Project("{2150E333-8FDC-42A3-9474-1A3956D46DE8}") = "BinaryTree", "BinaryTree", "{F6FD310E-8ACB-4E7B-8B5A-6D7D8E8271C4}"
EndProject
Project("{FAE04EC0-301F-11D3-BF4B-00C04F79EFBC}") = "branchSums", "branchSums\branchSums.csproj", "{E89D65B2-3329-48DE-BC39-C914C12C3EE2}"
EndProject
Project("{2150E333-8FDC-42A3-9474-1A3956D46DE8}") = "DynamicProgramming", "DynamicProgramming", "{07FC9E76-F743-47A6-899B-8D85518B8516}"
EndProject
Project("{FAE04EC0-301F-11D3-BF4B-00C04F79EFBC}") = "MaxSubsetSumNoAdjacent", "MaxSubsetSumNoAdjacent\MaxSubsetSumNoAdjacent.csproj", "{F264E6A1-5EA4-4AD5-B5D1-DA991F578531}"
EndProject
Project("{FAE04EC0-301F-11D3-BF4B-00C04F79EFBC}") = "NumberOfWaysToMakeChange", "NumberOfWaysToMakeChange\NumberOfWaysToMakeChange.csproj", "{A112B4BC-6D11-40C7-9CAB-F87D5E3D1465}"
EndProject
Project("{FAE04EC0-301F-11D3-BF4B-00C04F79EFBC}") = "MinNumberOfCoinsForChange", "MinNumberOfCoinsForChange\MinNumberOfCoinsForChange.csproj", "{5DFD5217-165B-47EF-B637-E6337BF40D94}"
EndProject
Project("{FAE04EC0-301F-11D3-BF4B-00C04F79EFBC}") = "LevenshteinDistance", "LevenshteinDistance\LevenshteinDistance.csproj", "{E609FB53-6BB0-44CD-B316-77E1B9536E3B}"
EndProject
Project("{FAE04EC0-301F-11D3-BF4B-00C04F79EFBC}") = "NumberOfWaysToTraverseGraph", "NumberOfWaysToTraverseGraph\NumberOfWaysToTraverseGraph.csproj", "{3F7EF579-1E82-482A-912C-E7389AF4495C}"
EndProject
Project("{2150E333-8FDC-42A3-9474-1A3956D46DE8}") = "Graphs", "Graphs", "{3CCB3DA5-05C2-4925-8D45-941B54CF4684}"
EndProject
Project("{FAE04EC0-301F-11D3-BF4B-00C04F79EFBC}") = "DepthFirstSearch", "DepthFirstSearch\DepthFirstSearch.csproj", "{B4E73DA8-7FC8-4404-B522-AD781BF831A8}"
EndProject
Project("{FAE04EC0-301F-11D3-BF4B-00C04F79EFBC}") = "SingleCycleCheck", "SingleCycleCheck\SingleCycleCheck.csproj", "{3DA07227-7A70-43F6-B259-90FFDE5294A6}"
EndProject
Project("{FAE04EC0-301F-11D3-BF4B-00C04F79EFBC}") = "BreadthFirstSearch", "BreadthFirstSearch\BreadthFirstSearch.csproj", "{6919B3AF-3505-4EBD-8496-714799B69608}"
EndProject
Project("{FAE04EC0-301F-11D3-BF4B-00C04F79EFBC}") = "RiverSizes", "RiverSizes\RiverSizes.csproj", "{F3AB6A03-B3C3-499C-BAA5-DA167827818F}"
EndProject
Project("{2150E333-8FDC-42A3-9474-1A3956D46DE8}") = "LinkedList", "LinkedList", "{3FC045C6-BBC7-41D3-A448-45EFBA39F8E1}"
EndProject
Project("{FAE04EC0-301F-11D3-BF4B-00C04F79EFBC}") = "FindLoop", "FindLoop\FindLoop.csproj", "{43B69840-1599-43C9-A154-496B1BFBCE3A}"
EndProject
Project("{2150E333-8FDC-42A3-9474-1A3956D46DE8}") = "String", "String", "{F67E795B-A059-43A8-9485-4305AB0DD34C}"
EndProject
Project("{2150E333-8FDC-42A3-9474-1A3956D46DE8}") = "Searching", "Searching", "{D35096AB-8215-45E7-82A3-A615DD84EA51}"
EndProject
Project("{FAE04EC0-301F-11D3-BF4B-00C04F79EFBC}") = "Quickselect", "Quickselect\Quickselect.csproj", "{610EC681-F0A4-4002-883D-2E7E33B1C89E}"
EndProject
Project("{FAE04EC0-301F-11D3-BF4B-00C04F79EFBC}") = "CountSquares", "CountSquares\CountSquares.csproj", "{82E6AA3F-8C7A-4CB4-B9A8-E7DF36060FCB}"
EndProject
Project("{FAE04EC0-301F-11D3-BF4B-00C04F79EFBC}") = "MaxSumIncreasingSubsequence", "MaxSumIncreasingSubsequence\MaxSumIncreasingSubsequence.csproj", "{DDBF67A4-A9D0-4754-9FB8-E127DC17AD7F}"
EndProject
Project("{FAE04EC0-301F-11D3-BF4B-00C04F79EFBC}") = "LongestCommonSubsequence", "LongestCommonSubsequence\LongestCommonSubsequence.csproj", "{D24BA215-2755-44A0-8341-5EFF1C5CBC7A}"
EndProject
Project("{FAE04EC0-301F-11D3-BF4B-00C04F79EFBC}") = "MinNumberOfJumps", "MinNumberOfJumps\MinNumberOfJumps.csproj", "{78AA395E-2FCD-4E94-A573-22F083E18B17}"
EndProject
Project("{FAE04EC0-301F-11D3-BF4B-00C04F79EFBC}") = "WaterArea", "WaterArea\WaterArea.csproj", "{4AE50531-D1BC-4AC7-8232-C7A2F20AEB03}"
EndProject
Project("{FAE04EC0-301F-11D3-BF4B-00C04F79EFBC}") = "KnapsackProblem", "KnapsackProblem\KnapsackProblem.csproj", "{7303E9D8-69E8-4B49-926E-4EE36E7027D9}"
EndProject
Project("{FAE04EC0-301F-11D3-BF4B-00C04F79EFBC}") = "DiskStacking", "DiskStacking\DiskStacking.csproj", "{564FDE4A-412D-4A83-99A3-A85BDFBBB563}"
EndProject
Project("{FAE04EC0-301F-11D3-BF4B-00C04F79EFBC}") = "NumbersInPi", "NumbersInPi\NumbersInPi.csproj", "{E069789F-5E64-4CD5-9EF5-7476F6157EFD}"
EndProject
Project("{FAE04EC0-301F-11D3-BF4B-00C04F79EFBC}") = "MaximumSumSubmatrix", "MaximumSumSubmatrix\MaximumSumSubmatrix.csproj", "{18234308-4570-4196-9153-C75DBC97FD2B}"
EndProject
Global
	GlobalSection(SolutionConfigurationPlatforms) = preSolution
		Debug|Any CPU = Debug|Any CPU
		Release|Any CPU = Release|Any CPU
	EndGlobalSection
	GlobalSection(ProjectConfigurationPlatforms) = postSolution
		{5355280E-1E1E-4E18-AB53-F14159EDF008}.Debug|Any CPU.ActiveCfg = Debug|Any CPU
		{5355280E-1E1E-4E18-AB53-F14159EDF008}.Debug|Any CPU.Build.0 = Debug|Any CPU
		{5355280E-1E1E-4E18-AB53-F14159EDF008}.Release|Any CPU.ActiveCfg = Release|Any CPU
		{5355280E-1E1E-4E18-AB53-F14159EDF008}.Release|Any CPU.Build.0 = Release|Any CPU
		{F7BCCAE9-99D7-4992-8F97-2CB62C8FA846}.Debug|Any CPU.ActiveCfg = Debug|Any CPU
		{F7BCCAE9-99D7-4992-8F97-2CB62C8FA846}.Debug|Any CPU.Build.0 = Debug|Any CPU
		{F7BCCAE9-99D7-4992-8F97-2CB62C8FA846}.Release|Any CPU.ActiveCfg = Release|Any CPU
		{F7BCCAE9-99D7-4992-8F97-2CB62C8FA846}.Release|Any CPU.Build.0 = Release|Any CPU
		{E89D65B2-3329-48DE-BC39-C914C12C3EE2}.Debug|Any CPU.ActiveCfg = Debug|Any CPU
		{E89D65B2-3329-48DE-BC39-C914C12C3EE2}.Debug|Any CPU.Build.0 = Debug|Any CPU
		{E89D65B2-3329-48DE-BC39-C914C12C3EE2}.Release|Any CPU.ActiveCfg = Release|Any CPU
		{E89D65B2-3329-48DE-BC39-C914C12C3EE2}.Release|Any CPU.Build.0 = Release|Any CPU
		{F264E6A1-5EA4-4AD5-B5D1-DA991F578531}.Debug|Any CPU.ActiveCfg = Debug|Any CPU
		{F264E6A1-5EA4-4AD5-B5D1-DA991F578531}.Debug|Any CPU.Build.0 = Debug|Any CPU
		{F264E6A1-5EA4-4AD5-B5D1-DA991F578531}.Release|Any CPU.ActiveCfg = Release|Any CPU
		{F264E6A1-5EA4-4AD5-B5D1-DA991F578531}.Release|Any CPU.Build.0 = Release|Any CPU
		{A112B4BC-6D11-40C7-9CAB-F87D5E3D1465}.Debug|Any CPU.ActiveCfg = Debug|Any CPU
		{A112B4BC-6D11-40C7-9CAB-F87D5E3D1465}.Debug|Any CPU.Build.0 = Debug|Any CPU
		{A112B4BC-6D11-40C7-9CAB-F87D5E3D1465}.Release|Any CPU.ActiveCfg = Release|Any CPU
		{A112B4BC-6D11-40C7-9CAB-F87D5E3D1465}.Release|Any CPU.Build.0 = Release|Any CPU
		{5DFD5217-165B-47EF-B637-E6337BF40D94}.Debug|Any CPU.ActiveCfg = Debug|Any CPU
		{5DFD5217-165B-47EF-B637-E6337BF40D94}.Debug|Any CPU.Build.0 = Debug|Any CPU
		{5DFD5217-165B-47EF-B637-E6337BF40D94}.Release|Any CPU.ActiveCfg = Release|Any CPU
		{5DFD5217-165B-47EF-B637-E6337BF40D94}.Release|Any CPU.Build.0 = Release|Any CPU
		{E609FB53-6BB0-44CD-B316-77E1B9536E3B}.Debug|Any CPU.ActiveCfg = Debug|Any CPU
		{E609FB53-6BB0-44CD-B316-77E1B9536E3B}.Debug|Any CPU.Build.0 = Debug|Any CPU
		{E609FB53-6BB0-44CD-B316-77E1B9536E3B}.Release|Any CPU.ActiveCfg = Release|Any CPU
		{E609FB53-6BB0-44CD-B316-77E1B9536E3B}.Release|Any CPU.Build.0 = Release|Any CPU
		{3F7EF579-1E82-482A-912C-E7389AF4495C}.Debug|Any CPU.ActiveCfg = Debug|Any CPU
		{3F7EF579-1E82-482A-912C-E7389AF4495C}.Debug|Any CPU.Build.0 = Debug|Any CPU
		{3F7EF579-1E82-482A-912C-E7389AF4495C}.Release|Any CPU.ActiveCfg = Release|Any CPU
		{3F7EF579-1E82-482A-912C-E7389AF4495C}.Release|Any CPU.Build.0 = Release|Any CPU
		{B4E73DA8-7FC8-4404-B522-AD781BF831A8}.Debug|Any CPU.ActiveCfg = Debug|Any CPU
		{B4E73DA8-7FC8-4404-B522-AD781BF831A8}.Debug|Any CPU.Build.0 = Debug|Any CPU
		{B4E73DA8-7FC8-4404-B522-AD781BF831A8}.Release|Any CPU.ActiveCfg = Release|Any CPU
		{B4E73DA8-7FC8-4404-B522-AD781BF831A8}.Release|Any CPU.Build.0 = Release|Any CPU
		{3DA07227-7A70-43F6-B259-90FFDE5294A6}.Debug|Any CPU.ActiveCfg = Debug|Any CPU
		{3DA07227-7A70-43F6-B259-90FFDE5294A6}.Debug|Any CPU.Build.0 = Debug|Any CPU
		{3DA07227-7A70-43F6-B259-90FFDE5294A6}.Release|Any CPU.ActiveCfg = Release|Any CPU
		{3DA07227-7A70-43F6-B259-90FFDE5294A6}.Release|Any CPU.Build.0 = Release|Any CPU
		{6919B3AF-3505-4EBD-8496-714799B69608}.Debug|Any CPU.ActiveCfg = Debug|Any CPU
		{6919B3AF-3505-4EBD-8496-714799B69608}.Debug|Any CPU.Build.0 = Debug|Any CPU
		{6919B3AF-3505-4EBD-8496-714799B69608}.Release|Any CPU.ActiveCfg = Release|Any CPU
		{6919B3AF-3505-4EBD-8496-714799B69608}.Release|Any CPU.Build.0 = Release|Any CPU
		{F3AB6A03-B3C3-499C-BAA5-DA167827818F}.Debug|Any CPU.ActiveCfg = Debug|Any CPU
		{F3AB6A03-B3C3-499C-BAA5-DA167827818F}.Debug|Any CPU.Build.0 = Debug|Any CPU
		{F3AB6A03-B3C3-499C-BAA5-DA167827818F}.Release|Any CPU.ActiveCfg = Release|Any CPU
		{F3AB6A03-B3C3-499C-BAA5-DA167827818F}.Release|Any CPU.Build.0 = Release|Any CPU
		{43B69840-1599-43C9-A154-496B1BFBCE3A}.Debug|Any CPU.ActiveCfg = Debug|Any CPU
		{43B69840-1599-43C9-A154-496B1BFBCE3A}.Debug|Any CPU.Build.0 = Debug|Any CPU
		{43B69840-1599-43C9-A154-496B1BFBCE3A}.Release|Any CPU.ActiveCfg = Release|Any CPU
		{43B69840-1599-43C9-A154-496B1BFBCE3A}.Release|Any CPU.Build.0 = Release|Any CPU
		{610EC681-F0A4-4002-883D-2E7E33B1C89E}.Debug|Any CPU.ActiveCfg = Debug|Any CPU
		{610EC681-F0A4-4002-883D-2E7E33B1C89E}.Debug|Any CPU.Build.0 = Debug|Any CPU
		{610EC681-F0A4-4002-883D-2E7E33B1C89E}.Release|Any CPU.ActiveCfg = Release|Any CPU
		{610EC681-F0A4-4002-883D-2E7E33B1C89E}.Release|Any CPU.Build.0 = Release|Any CPU
		{82E6AA3F-8C7A-4CB4-B9A8-E7DF36060FCB}.Debug|Any CPU.ActiveCfg = Debug|Any CPU
		{82E6AA3F-8C7A-4CB4-B9A8-E7DF36060FCB}.Debug|Any CPU.Build.0 = Debug|Any CPU
		{82E6AA3F-8C7A-4CB4-B9A8-E7DF36060FCB}.Release|Any CPU.ActiveCfg = Release|Any CPU
		{82E6AA3F-8C7A-4CB4-B9A8-E7DF36060FCB}.Release|Any CPU.Build.0 = Release|Any CPU
		{DDBF67A4-A9D0-4754-9FB8-E127DC17AD7F}.Debug|Any CPU.ActiveCfg = Debug|Any CPU
		{DDBF67A4-A9D0-4754-9FB8-E127DC17AD7F}.Debug|Any CPU.Build.0 = Debug|Any CPU
		{DDBF67A4-A9D0-4754-9FB8-E127DC17AD7F}.Release|Any CPU.ActiveCfg = Release|Any CPU
		{DDBF67A4-A9D0-4754-9FB8-E127DC17AD7F}.Release|Any CPU.Build.0 = Release|Any CPU
		{D24BA215-2755-44A0-8341-5EFF1C5CBC7A}.Debug|Any CPU.ActiveCfg = Debug|Any CPU
		{D24BA215-2755-44A0-8341-5EFF1C5CBC7A}.Debug|Any CPU.Build.0 = Debug|Any CPU
		{D24BA215-2755-44A0-8341-5EFF1C5CBC7A}.Release|Any CPU.ActiveCfg = Release|Any CPU
		{D24BA215-2755-44A0-8341-5EFF1C5CBC7A}.Release|Any CPU.Build.0 = Release|Any CPU
		{78AA395E-2FCD-4E94-A573-22F083E18B17}.Debug|Any CPU.ActiveCfg = Debug|Any CPU
		{78AA395E-2FCD-4E94-A573-22F083E18B17}.Debug|Any CPU.Build.0 = Debug|Any CPU
		{78AA395E-2FCD-4E94-A573-22F083E18B17}.Release|Any CPU.ActiveCfg = Release|Any CPU
		{78AA395E-2FCD-4E94-A573-22F083E18B17}.Release|Any CPU.Build.0 = Release|Any CPU
		{4AE50531-D1BC-4AC7-8232-C7A2F20AEB03}.Debug|Any CPU.ActiveCfg = Debug|Any CPU
		{4AE50531-D1BC-4AC7-8232-C7A2F20AEB03}.Debug|Any CPU.Build.0 = Debug|Any CPU
		{4AE50531-D1BC-4AC7-8232-C7A2F20AEB03}.Release|Any CPU.ActiveCfg = Release|Any CPU
		{4AE50531-D1BC-4AC7-8232-C7A2F20AEB03}.Release|Any CPU.Build.0 = Release|Any CPU
		{7303E9D8-69E8-4B49-926E-4EE36E7027D9}.Debug|Any CPU.ActiveCfg = Debug|Any CPU
		{7303E9D8-69E8-4B49-926E-4EE36E7027D9}.Debug|Any CPU.Build.0 = Debug|Any CPU
		{7303E9D8-69E8-4B49-926E-4EE36E7027D9}.Release|Any CPU.ActiveCfg = Release|Any CPU
		{7303E9D8-69E8-4B49-926E-4EE36E7027D9}.Release|Any CPU.Build.0 = Release|Any CPU
		{564FDE4A-412D-4A83-99A3-A85BDFBBB563}.Debug|Any CPU.ActiveCfg = Debug|Any CPU
		{564FDE4A-412D-4A83-99A3-A85BDFBBB563}.Debug|Any CPU.Build.0 = Debug|Any CPU
		{564FDE4A-412D-4A83-99A3-A85BDFBBB563}.Release|Any CPU.ActiveCfg = Release|Any CPU
		{564FDE4A-412D-4A83-99A3-A85BDFBBB563}.Release|Any CPU.Build.0 = Release|Any CPU
		{E069789F-5E64-4CD5-9EF5-7476F6157EFD}.Debug|Any CPU.ActiveCfg = Debug|Any CPU
		{E069789F-5E64-4CD5-9EF5-7476F6157EFD}.Debug|Any CPU.Build.0 = Debug|Any CPU
		{E069789F-5E64-4CD5-9EF5-7476F6157EFD}.Release|Any CPU.ActiveCfg = Release|Any CPU
		{E069789F-5E64-4CD5-9EF5-7476F6157EFD}.Release|Any CPU.Build.0 = Release|Any CPU
		{18234308-4570-4196-9153-C75DBC97FD2B}.Debug|Any CPU.ActiveCfg = Debug|Any CPU
		{18234308-4570-4196-9153-C75DBC97FD2B}.Debug|Any CPU.Build.0 = Debug|Any CPU
		{18234308-4570-4196-9153-C75DBC97FD2B}.Release|Any CPU.ActiveCfg = Release|Any CPU
		{18234308-4570-4196-9153-C75DBC97FD2B}.Release|Any CPU.Build.0 = Release|Any CPU
	EndGlobalSection
	GlobalSection(NestedProjects) = preSolution
		{5355280E-1E1E-4E18-AB53-F14159EDF008} = {00C45F2E-74EC-4D81-8032-B4EB99E4F8FF}
		{F7BCCAE9-99D7-4992-8F97-2CB62C8FA846} = {F34586B5-C7B0-474A-A8B4-10E9F38E5E81}
		{E89D65B2-3329-48DE-BC39-C914C12C3EE2} = {F6FD310E-8ACB-4E7B-8B5A-6D7D8E8271C4}
		{F264E6A1-5EA4-4AD5-B5D1-DA991F578531} = {07FC9E76-F743-47A6-899B-8D85518B8516}
		{A112B4BC-6D11-40C7-9CAB-F87D5E3D1465} = {07FC9E76-F743-47A6-899B-8D85518B8516}
		{5DFD5217-165B-47EF-B637-E6337BF40D94} = {07FC9E76-F743-47A6-899B-8D85518B8516}
		{E609FB53-6BB0-44CD-B316-77E1B9536E3B} = {07FC9E76-F743-47A6-899B-8D85518B8516}
		{3F7EF579-1E82-482A-912C-E7389AF4495C} = {07FC9E76-F743-47A6-899B-8D85518B8516}
		{B4E73DA8-7FC8-4404-B522-AD781BF831A8} = {3CCB3DA5-05C2-4925-8D45-941B54CF4684}
		{3DA07227-7A70-43F6-B259-90FFDE5294A6} = {3CCB3DA5-05C2-4925-8D45-941B54CF4684}
		{6919B3AF-3505-4EBD-8496-714799B69608} = {3CCB3DA5-05C2-4925-8D45-941B54CF4684}
		{F3AB6A03-B3C3-499C-BAA5-DA167827818F} = {3CCB3DA5-05C2-4925-8D45-941B54CF4684}
		{43B69840-1599-43C9-A154-496B1BFBCE3A} = {3FC045C6-BBC7-41D3-A448-45EFBA39F8E1}
		{610EC681-F0A4-4002-883D-2E7E33B1C89E} = {D35096AB-8215-45E7-82A3-A615DD84EA51}
		{82E6AA3F-8C7A-4CB4-B9A8-E7DF36060FCB} = {00C45F2E-74EC-4D81-8032-B4EB99E4F8FF}
		{DDBF67A4-A9D0-4754-9FB8-E127DC17AD7F} = {07FC9E76-F743-47A6-899B-8D85518B8516}
		{D24BA215-2755-44A0-8341-5EFF1C5CBC7A} = {07FC9E76-F743-47A6-899B-8D85518B8516}
		{78AA395E-2FCD-4E94-A573-22F083E18B17} = {07FC9E76-F743-47A6-899B-8D85518B8516}
		{4AE50531-D1BC-4AC7-8232-C7A2F20AEB03} = {07FC9E76-F743-47A6-899B-8D85518B8516}
		{7303E9D8-69E8-4B49-926E-4EE36E7027D9} = {07FC9E76-F743-47A6-899B-8D85518B8516}
		{564FDE4A-412D-4A83-99A3-A85BDFBBB563} = {07FC9E76-F743-47A6-899B-8D85518B8516}
		{E069789F-5E64-4CD5-9EF5-7476F6157EFD} = {07FC9E76-F743-47A6-899B-8D85518B8516}
		{18234308-4570-4196-9153-C75DBC97FD2B} = {07FC9E76-F743-47A6-899B-8D85518B8516}
	EndGlobalSection
EndGlobal
